
Microsoft Visual Studio Solution File, Format Version 12.00
# Visual Studio Version 16
VisualStudioVersion = 16.0.33130.400
MinimumVisualStudioVersion = 10.0.40219.1
Project("{888888A0-9F3D-457C-B088-3A5042F75D52}") = "study08", "study08\study08.pyproj", "{FBAFCCE7-360F-47C6-9D26-A758ED505117}"
EndProject
Global
	GlobalSection(SolutionConfigurationPlatforms) = preSolution
		Debug|Any CPU = Debug|Any CPU
		Release|Any CPU = Release|Any CPU
	EndGlobalSection
	GlobalSection(ProjectConfigurationPlatforms) = postSolution
		{FBAFCCE7-360F-47C6-9D26-A758ED505117}.Debug|Any CPU.ActiveCfg = Debug|Any CPU
		{FBAFCCE7-360F-47C6-9D26-A758ED505117}.Release|Any CPU.ActiveCfg = Release|Any CPU
	EndGlobalSection
	GlobalSection(SolutionProperties) = preSolution
		HideSolutionNode = FALSE
	EndGlobalSection
	GlobalSection(ExtensibilityGlobals) = postSolution
		SolutionGuid = {84E62439-EE06-497C-A485-FF446B439F69}
	EndGlobalSection
EndGlobal
